
Microsoft Visual Studio Solution File, Format Version 12.00
# Visual Studio Version 17
VisualStudioVersion = 17.5.002.0
MinimumVisualStudioVersion = 10.0.40219.1
Project("{9A19103F-16F7-4668-BE54-9A1E7A4F7556}") = "Estudiantes", "Estudiantes.csproj", "{5DCF12BB-D489-450C-ADA4-2F09B17CABE2}"
EndProject
Global
	GlobalSection(SolutionConfigurationPlatforms) = preSolution
		Debug|Any CPU = Debug|Any CPU
		Release|Any CPU = Release|Any CPU
	EndGlobalSection
	GlobalSection(ProjectConfigurationPlatforms) = postSolution
		{5DCF12BB-D489-450C-ADA4-2F09B17CABE2}.Debug|Any CPU.ActiveCfg = Debug|Any CPU
		{5DCF12BB-D489-450C-ADA4-2F09B17CABE2}.Debug|Any CPU.Build.0 = Debug|Any CPU
		{5DCF12BB-D489-450C-ADA4-2F09B17CABE2}.Release|Any CPU.ActiveCfg = Release|Any CPU
		{5DCF12BB-D489-450C-ADA4-2F09B17CABE2}.Release|Any CPU.Build.0 = Release|Any CPU
	EndGlobalSection
	GlobalSection(SolutionProperties) = preSolution
		HideSolutionNode = FALSE
	EndGlobalSection
	GlobalSection(ExtensibilityGlobals) = postSolution
		SolutionGuid = {CAE3CE6F-7C29-43FD-9FBD-A11BA6DB981C}
	EndGlobalSection
EndGlobal
